
Microsoft Visual Studio Solution File, Format Version 11.00
# Visual Studio 2010
Project("{8BC9CEB8-8B4A-11D0-8D11-00A0C91BC942}") = "des_demo_3", "des_demo_3\des_demo_3.vcxproj", "{75CDC293-24D9-4D93-B547-B6DE288D6FBA}"
EndProject
Global
	GlobalSection(SolutionConfigurationPlatforms) = preSolution
		Debug|Win32 = Debug|Win32
		Release|Win32 = Release|Win32
	EndGlobalSection
	GlobalSection(ProjectConfigurationPlatforms) = postSolution
		{75CDC293-24D9-4D93-B547-B6DE288D6FBA}.Debug|Win32.ActiveCfg = Debug|Win32
		{75CDC293-24D9-4D93-B547-B6DE288D6FBA}.Debug|Win32.Build.0 = Debug|Win32
		{75CDC293-24D9-4D93-B547-B6DE288D6FBA}.Release|Win32.ActiveCfg = Release|Win32
		{75CDC293-24D9-4D93-B547-B6DE288D6FBA}.Release|Win32.Build.0 = Release|Win32
	EndGlobalSection
	GlobalSection(SolutionProperties) = preSolution
		HideSolutionNode = FALSE
	EndGlobalSection
EndGlobal
